<Solution>
  <Folder Name="/src/">
    <Project Path="src/Crm.Core/Crm.Core.csproj" />
    <Project Path="src/Crm.Infrastructure/Crm.Infrastructure.csproj" />
    <Project Path="src/Crm.Web/Crm.Web.csproj" />
    <Project Path="src/ElementorBuilder/ElementorBuilder.csproj" />
  </Folder>
</Solution>
